
Microsoft Visual Studio Solution File, Format Version 12.00
Project("{2150E333-8FDC-42A3-9474-1A3956D46DE8}") = "src", "src", "{D438A580-9B8F-455D-89A1-7B5ECA32CE8B}"
EndProject
Project("{2150E333-8FDC-42A3-9474-1A3956D46DE8}") = "tests", "tests", "{62745DE0-BEA7-4C54-A5A9-86680F7E58B8}"
EndProject
Project("{2150E333-8FDC-42A3-9474-1A3956D46DE8}") = "Modules", "Modules", "{64AECE3C-6C24-4D9A-B32A-9C9C1A1DCA5C}"
EndProject
Project("{2150E333-8FDC-42A3-9474-1A3956D46DE8}") = "Shared", "Shared", "{B5B1B4D7-54BA-4B2B-9F9A-A82A86A37F15}"
EndProject
Project("{FAE04EC0-301F-11D3-BF4B-00C04F79EFBC}") = "PlaysOfRpg", "src\PlaysOfRpg\PlaysOfRpg.csproj", "{A9E61226-FC64-4212-8A1C-6AD6FD3518DF}"
EndProject
Project("{FAE04EC0-301F-11D3-BF4B-00C04F79EFBC}") = "CharacterModule", "src\Modules\CharacterModule\CharacterModule.csproj", "{F1B5D7D7-C7C5-4C94-83C4-2AB6DBEC5DCB}"
EndProject
Project("{FAE04EC0-301F-11D3-BF4B-00C04F79EFBC}") = "Abstractions", "src\Shared\Abstractions\Abstractions.csproj", "{205AF612-93A9-42FE-8F64-99D8F209C734}"
EndProject
Project("{FAE04EC0-301F-11D3-BF4B-00C04F79EFBC}") = "Infrastructure", "src\Shared\Infrastructure\Infrastructure.csproj", "{FE2BFB81-0C36-493A-A8AB-1D4D872539D3}"
EndProject
Global
	GlobalSection(SolutionConfigurationPlatforms) = preSolution
		Debug|Any CPU = Debug|Any CPU
		Release|Any CPU = Release|Any CPU
	EndGlobalSection
	GlobalSection(ProjectConfigurationPlatforms) = postSolution
		{A9E61226-FC64-4212-8A1C-6AD6FD3518DF}.Debug|Any CPU.ActiveCfg = Debug|Any CPU
		{A9E61226-FC64-4212-8A1C-6AD6FD3518DF}.Debug|Any CPU.Build.0 = Debug|Any CPU
		{A9E61226-FC64-4212-8A1C-6AD6FD3518DF}.Release|Any CPU.ActiveCfg = Release|Any CPU
		{A9E61226-FC64-4212-8A1C-6AD6FD3518DF}.Release|Any CPU.Build.0 = Release|Any CPU
		{F1B5D7D7-C7C5-4C94-83C4-2AB6DBEC5DCB}.Debug|Any CPU.ActiveCfg = Debug|Any CPU
		{F1B5D7D7-C7C5-4C94-83C4-2AB6DBEC5DCB}.Debug|Any CPU.Build.0 = Debug|Any CPU
		{F1B5D7D7-C7C5-4C94-83C4-2AB6DBEC5DCB}.Release|Any CPU.ActiveCfg = Release|Any CPU
		{F1B5D7D7-C7C5-4C94-83C4-2AB6DBEC5DCB}.Release|Any CPU.Build.0 = Release|Any CPU
		{205AF612-93A9-42FE-8F64-99D8F209C734}.Debug|Any CPU.ActiveCfg = Debug|Any CPU
		{205AF612-93A9-42FE-8F64-99D8F209C734}.Debug|Any CPU.Build.0 = Debug|Any CPU
		{205AF612-93A9-42FE-8F64-99D8F209C734}.Release|Any CPU.ActiveCfg = Release|Any CPU
		{205AF612-93A9-42FE-8F64-99D8F209C734}.Release|Any CPU.Build.0 = Release|Any CPU
		{FE2BFB81-0C36-493A-A8AB-1D4D872539D3}.Debug|Any CPU.ActiveCfg = Debug|Any CPU
		{FE2BFB81-0C36-493A-A8AB-1D4D872539D3}.Debug|Any CPU.Build.0 = Debug|Any CPU
		{FE2BFB81-0C36-493A-A8AB-1D4D872539D3}.Release|Any CPU.ActiveCfg = Release|Any CPU
		{FE2BFB81-0C36-493A-A8AB-1D4D872539D3}.Release|Any CPU.Build.0 = Release|Any CPU
	EndGlobalSection
	GlobalSection(NestedProjects) = preSolution
		{64AECE3C-6C24-4D9A-B32A-9C9C1A1DCA5C} = {D438A580-9B8F-455D-89A1-7B5ECA32CE8B}
		{B5B1B4D7-54BA-4B2B-9F9A-A82A86A37F15} = {D438A580-9B8F-455D-89A1-7B5ECA32CE8B}
		{A9E61226-FC64-4212-8A1C-6AD6FD3518DF} = {D438A580-9B8F-455D-89A1-7B5ECA32CE8B}
		{F1B5D7D7-C7C5-4C94-83C4-2AB6DBEC5DCB} = {64AECE3C-6C24-4D9A-B32A-9C9C1A1DCA5C}
		{205AF612-93A9-42FE-8F64-99D8F209C734} = {B5B1B4D7-54BA-4B2B-9F9A-A82A86A37F15}
		{FE2BFB81-0C36-493A-A8AB-1D4D872539D3} = {B5B1B4D7-54BA-4B2B-9F9A-A82A86A37F15}
	EndGlobalSection
EndGlobal
